
Microsoft Visual Studio Solution File, Format Version 12.00
# Visual Studio Version 16
VisualStudioVersion = 16.0.30804.86
MinimumVisualStudioVersion = 10.0.40219.1
Project("{888888A0-9F3D-457C-B088-3A5042F75D52}") = "лаба2", "лаба2\лаба2.pyproj", "{759BB3D7-88CF-4E75-9744-392FF6929801}"
EndProject
Global
	GlobalSection(SolutionConfigurationPlatforms) = preSolution
		Debug|Any CPU = Debug|Any CPU
		Release|Any CPU = Release|Any CPU
	EndGlobalSection
	GlobalSection(ProjectConfigurationPlatforms) = postSolution
		{759BB3D7-88CF-4E75-9744-392FF6929801}.Debug|Any CPU.ActiveCfg = Debug|Any CPU
		{759BB3D7-88CF-4E75-9744-392FF6929801}.Release|Any CPU.ActiveCfg = Release|Any CPU
	EndGlobalSection
	GlobalSection(SolutionProperties) = preSolution
		HideSolutionNode = FALSE
	EndGlobalSection
	GlobalSection(ExtensibilityGlobals) = postSolution
		SolutionGuid = {651D9F2D-2CBA-4317-AA94-1E9F51862BB6}
	EndGlobalSection
EndGlobal
