
Microsoft Visual Studio Solution File, Format Version 12.00
# Visual Studio Version 16
VisualStudioVersion = 16.0.30804.86
MinimumVisualStudioVersion = 10.0.40219.1
Project("{888888A0-9F3D-457C-B088-3A5042F75D52}") = "лаба2 задание 2", "лаба2 задание 2\лаба2 задание 2.pyproj", "{2557399C-A182-41D8-8AB9-713930BF1482}"
EndProject
Global
	GlobalSection(SolutionConfigurationPlatforms) = preSolution
		Debug|Any CPU = Debug|Any CPU
		Release|Any CPU = Release|Any CPU
	EndGlobalSection
	GlobalSection(ProjectConfigurationPlatforms) = postSolution
		{2557399C-A182-41D8-8AB9-713930BF1482}.Debug|Any CPU.ActiveCfg = Debug|Any CPU
		{2557399C-A182-41D8-8AB9-713930BF1482}.Release|Any CPU.ActiveCfg = Release|Any CPU
	EndGlobalSection
	GlobalSection(SolutionProperties) = preSolution
		HideSolutionNode = FALSE
	EndGlobalSection
	GlobalSection(ExtensibilityGlobals) = postSolution
		SolutionGuid = {8BE38F2E-8CED-4419-8C8D-FABDCD0E68F5}
	EndGlobalSection
EndGlobal
